
Microsoft Visual Studio Solution File, Format Version 12.00
# Visual Studio Version 17
VisualStudioVersion = 17.0.31903.59
MinimumVisualStudioVersion = 10.0.40219.1
Project("{FAE04EC0-301F-11D3-BF4B-00C04F79EFBC}") = "TunnlR.Domain", "TunnlR.Domain\TunnlR.Domain.csproj", "{7B12E088-1AE7-4F7D-BCB8-4CE0351943FA}"
EndProject
Project("{FAE04EC0-301F-11D3-BF4B-00C04F79EFBC}") = "TunnlR.Application", "TunnlR.Application\TunnlR.Application.csproj", "{EA1EA477-5C73-49A0-80F9-F5DF99D4746F}"
EndProject
Project("{FAE04EC0-301F-11D3-BF4B-00C04F79EFBC}") = "TunnlR.Infrastructure", "TunnlR.Infrastructure\TunnlR.Infrastructure.csproj", "{6BD93AFE-F0D1-454F-A913-B3ADD48AC53C}"
EndProject
Project("{FAE04EC0-301F-11D3-BF4B-00C04F79EFBC}") = "TunnlR.CLI", "TunnlR.CLI\TunnlR.CLI.csproj", "{91B0C488-E0BF-4488-AC66-ED78F4FBA0D7}"
EndProject
Project("{FAE04EC0-301F-11D3-BF4B-00C04F79EFBC}") = "TunnlR.API", "TunnlR.API\TunnlR.API.csproj", "{D7BA974C-A207-4302-A62F-011CA74321A2}"
EndProject
Global
	GlobalSection(SolutionConfigurationPlatforms) = preSolution
		Debug|Any CPU = Debug|Any CPU
		Debug|x64 = Debug|x64
		Debug|x86 = Debug|x86
		Release|Any CPU = Release|Any CPU
		Release|x64 = Release|x64
		Release|x86 = Release|x86
	EndGlobalSection
	GlobalSection(ProjectConfigurationPlatforms) = postSolution
		{7B12E088-1AE7-4F7D-BCB8-4CE0351943FA}.Debug|Any CPU.ActiveCfg = Debug|Any CPU
		{7B12E088-1AE7-4F7D-BCB8-4CE0351943FA}.Debug|Any CPU.Build.0 = Debug|Any CPU
		{7B12E088-1AE7-4F7D-BCB8-4CE0351943FA}.Debug|x64.ActiveCfg = Debug|Any CPU
		{7B12E088-1AE7-4F7D-BCB8-4CE0351943FA}.Debug|x64.Build.0 = Debug|Any CPU
		{7B12E088-1AE7-4F7D-BCB8-4CE0351943FA}.Debug|x86.ActiveCfg = Debug|Any CPU
		{7B12E088-1AE7-4F7D-BCB8-4CE0351943FA}.Debug|x86.Build.0 = Debug|Any CPU
		{7B12E088-1AE7-4F7D-BCB8-4CE0351943FA}.Release|Any CPU.ActiveCfg = Release|Any CPU
		{7B12E088-1AE7-4F7D-BCB8-4CE0351943FA}.Release|Any CPU.Build.0 = Release|Any CPU
		{7B12E088-1AE7-4F7D-BCB8-4CE0351943FA}.Release|x64.ActiveCfg = Release|Any CPU
		{7B12E088-1AE7-4F7D-BCB8-4CE0351943FA}.Release|x64.Build.0 = Release|Any CPU
		{7B12E088-1AE7-4F7D-BCB8-4CE0351943FA}.Release|x86.ActiveCfg = Release|Any CPU
		{7B12E088-1AE7-4F7D-BCB8-4CE0351943FA}.Release|x86.Build.0 = Release|Any CPU
		{EA1EA477-5C73-49A0-80F9-F5DF99D4746F}.Debug|Any CPU.ActiveCfg = Debug|Any CPU
		{EA1EA477-5C73-49A0-80F9-F5DF99D4746F}.Debug|Any CPU.Build.0 = Debug|Any CPU
		{EA1EA477-5C73-49A0-80F9-F5DF99D4746F}.Debug|x64.ActiveCfg = Debug|Any CPU
		{EA1EA477-5C73-49A0-80F9-F5DF99D4746F}.Debug|x64.Build.0 = Debug|Any CPU
		{EA1EA477-5C73-49A0-80F9-F5DF99D4746F}.Debug|x86.ActiveCfg = Debug|Any CPU
		{EA1EA477-5C73-49A0-80F9-F5DF99D4746F}.Debug|x86.Build.0 = Debug|Any CPU
		{EA1EA477-5C73-49A0-80F9-F5DF99D4746F}.Release|Any CPU.ActiveCfg = Release|Any CPU
		{EA1EA477-5C73-49A0-80F9-F5DF99D4746F}.Release|Any CPU.Build.0 = Release|Any CPU
		{EA1EA477-5C73-49A0-80F9-F5DF99D4746F}.Release|x64.ActiveCfg = Release|Any CPU
		{EA1EA477-5C73-49A0-80F9-F5DF99D4746F}.Release|x64.Build.0 = Release|Any CPU
		{EA1EA477-5C73-49A0-80F9-F5DF99D4746F}.Release|x86.ActiveCfg = Release|Any CPU
		{EA1EA477-5C73-49A0-80F9-F5DF99D4746F}.Release|x86.Build.0 = Release|Any CPU
		{6BD93AFE-F0D1-454F-A913-B3ADD48AC53C}.Debug|Any CPU.ActiveCfg = Debug|Any CPU
		{6BD93AFE-F0D1-454F-A913-B3ADD48AC53C}.Debug|Any CPU.Build.0 = Debug|Any CPU
		{6BD93AFE-F0D1-454F-A913-B3ADD48AC53C}.Debug|x64.ActiveCfg = Debug|Any CPU
		{6BD93AFE-F0D1-454F-A913-B3ADD48AC53C}.Debug|x64.Build.0 = Debug|Any CPU
		{6BD93AFE-F0D1-454F-A913-B3ADD48AC53C}.Debug|x86.ActiveCfg = Debug|Any CPU
		{6BD93AFE-F0D1-454F-A913-B3ADD48AC53C}.Debug|x86.Build.0 = Debug|Any CPU
		{6BD93AFE-F0D1-454F-A913-B3ADD48AC53C}.Release|Any CPU.ActiveCfg = Release|Any CPU
		{6BD93AFE-F0D1-454F-A913-B3ADD48AC53C}.Release|Any CPU.Build.0 = Release|Any CPU
		{6BD93AFE-F0D1-454F-A913-B3ADD48AC53C}.Release|x64.ActiveCfg = Release|Any CPU
		{6BD93AFE-F0D1-454F-A913-B3ADD48AC53C}.Release|x64.Build.0 = Release|Any CPU
		{6BD93AFE-F0D1-454F-A913-B3ADD48AC53C}.Release|x86.ActiveCfg = Release|Any CPU
		{6BD93AFE-F0D1-454F-A913-B3ADD48AC53C}.Release|x86.Build.0 = Release|Any CPU
		{91B0C488-E0BF-4488-AC66-ED78F4FBA0D7}.Debug|Any CPU.ActiveCfg = Debug|Any CPU
		{91B0C488-E0BF-4488-AC66-ED78F4FBA0D7}.Debug|Any CPU.Build.0 = Debug|Any CPU
		{91B0C488-E0BF-4488-AC66-ED78F4FBA0D7}.Debug|x64.ActiveCfg = Debug|Any CPU
		{91B0C488-E0BF-4488-AC66-ED78F4FBA0D7}.Debug|x64.Build.0 = Debug|Any CPU
		{91B0C488-E0BF-4488-AC66-ED78F4FBA0D7}.Debug|x86.ActiveCfg = Debug|Any CPU
		{91B0C488-E0BF-4488-AC66-ED78F4FBA0D7}.Debug|x86.Build.0 = Debug|Any CPU
		{91B0C488-E0BF-4488-AC66-ED78F4FBA0D7}.Release|Any CPU.ActiveCfg = Release|Any CPU
		{91B0C488-E0BF-4488-AC66-ED78F4FBA0D7}.Release|Any CPU.Build.0 = Release|Any CPU
		{91B0C488-E0BF-4488-AC66-ED78F4FBA0D7}.Release|x64.ActiveCfg = Release|Any CPU
		{91B0C488-E0BF-4488-AC66-ED78F4FBA0D7}.Release|x64.Build.0 = Release|Any CPU
		{91B0C488-E0BF-4488-AC66-ED78F4FBA0D7}.Release|x86.ActiveCfg = Release|Any CPU
		{91B0C488-E0BF-4488-AC66-ED78F4FBA0D7}.Release|x86.Build.0 = Release|Any CPU
		{D7BA974C-A207-4302-A62F-011CA74321A2}.Debug|Any CPU.ActiveCfg = Debug|Any CPU
		{D7BA974C-A207-4302-A62F-011CA74321A2}.Debug|Any CPU.Build.0 = Debug|Any CPU
		{D7BA974C-A207-4302-A62F-011CA74321A2}.Debug|x64.ActiveCfg = Debug|Any CPU
		{D7BA974C-A207-4302-A62F-011CA74321A2}.Debug|x64.Build.0 = Debug|Any CPU
		{D7BA974C-A207-4302-A62F-011CA74321A2}.Debug|x86.ActiveCfg = Debug|Any CPU
		{D7BA974C-A207-4302-A62F-011CA74321A2}.Debug|x86.Build.0 = Debug|Any CPU
		{D7BA974C-A207-4302-A62F-011CA74321A2}.Release|Any CPU.ActiveCfg = Release|Any CPU
		{D7BA974C-A207-4302-A62F-011CA74321A2}.Release|Any CPU.Build.0 = Release|Any CPU
		{D7BA974C-A207-4302-A62F-011CA74321A2}.Release|x64.ActiveCfg = Release|Any CPU
		{D7BA974C-A207-4302-A62F-011CA74321A2}.Release|x64.Build.0 = Release|Any CPU
		{D7BA974C-A207-4302-A62F-011CA74321A2}.Release|x86.ActiveCfg = Release|Any CPU
		{D7BA974C-A207-4302-A62F-011CA74321A2}.Release|x86.Build.0 = Release|Any CPU
	EndGlobalSection
	GlobalSection(SolutionProperties) = preSolution
		HideSolutionNode = FALSE
	EndGlobalSection
	GlobalSection(ExtensibilityGlobals) = postSolution
		SolutionGuid = {FA8EE35A-05F9-4698-93FB-1E23103D491A}
	EndGlobalSection
EndGlobal
