
Microsoft Visual Studio Solution File, Format Version 12.00
# Visual Studio Version 17
VisualStudioVersion = 17.0.31903.59
MinimumVisualStudioVersion = 10.0.40219.1
Project("{FAE04EC0-301F-11D3-BF4B-00C04F79EFBC}") = "TunnlRCLI", "TunnlRCLI\TunnlRCLI.csproj", "{38F4153C-9827-42E9-A3D3-AE766CAA3D48}"
EndProject
Project("{FAE04EC0-301F-11D3-BF4B-00C04F79EFBC}") = "Application", "Application\Application.csproj", "{4001028E-189E-4F0D-8513-539608BBCA70}"
EndProject
Global
	GlobalSection(SolutionConfigurationPlatforms) = preSolution
		Debug|Any CPU = Debug|Any CPU
		Debug|x64 = Debug|x64
		Debug|x86 = Debug|x86
		Release|Any CPU = Release|Any CPU
		Release|x64 = Release|x64
		Release|x86 = Release|x86
	EndGlobalSection
	GlobalSection(ProjectConfigurationPlatforms) = postSolution
		{38F4153C-9827-42E9-A3D3-AE766CAA3D48}.Debug|Any CPU.ActiveCfg = Debug|Any CPU
		{38F4153C-9827-42E9-A3D3-AE766CAA3D48}.Debug|Any CPU.Build.0 = Debug|Any CPU
		{38F4153C-9827-42E9-A3D3-AE766CAA3D48}.Debug|x64.ActiveCfg = Debug|Any CPU
		{38F4153C-9827-42E9-A3D3-AE766CAA3D48}.Debug|x64.Build.0 = Debug|Any CPU
		{38F4153C-9827-42E9-A3D3-AE766CAA3D48}.Debug|x86.ActiveCfg = Debug|Any CPU
		{38F4153C-9827-42E9-A3D3-AE766CAA3D48}.Debug|x86.Build.0 = Debug|Any CPU
		{38F4153C-9827-42E9-A3D3-AE766CAA3D48}.Release|Any CPU.ActiveCfg = Release|Any CPU
		{38F4153C-9827-42E9-A3D3-AE766CAA3D48}.Release|Any CPU.Build.0 = Release|Any CPU
		{38F4153C-9827-42E9-A3D3-AE766CAA3D48}.Release|x64.ActiveCfg = Release|Any CPU
		{38F4153C-9827-42E9-A3D3-AE766CAA3D48}.Release|x64.Build.0 = Release|Any CPU
		{38F4153C-9827-42E9-A3D3-AE766CAA3D48}.Release|x86.ActiveCfg = Release|Any CPU
		{38F4153C-9827-42E9-A3D3-AE766CAA3D48}.Release|x86.Build.0 = Release|Any CPU
		{4001028E-189E-4F0D-8513-539608BBCA70}.Debug|Any CPU.ActiveCfg = Debug|Any CPU
		{4001028E-189E-4F0D-8513-539608BBCA70}.Debug|Any CPU.Build.0 = Debug|Any CPU
		{4001028E-189E-4F0D-8513-539608BBCA70}.Debug|x64.ActiveCfg = Debug|Any CPU
		{4001028E-189E-4F0D-8513-539608BBCA70}.Debug|x64.Build.0 = Debug|Any CPU
		{4001028E-189E-4F0D-8513-539608BBCA70}.Debug|x86.ActiveCfg = Debug|Any CPU
		{4001028E-189E-4F0D-8513-539608BBCA70}.Debug|x86.Build.0 = Debug|Any CPU
		{4001028E-189E-4F0D-8513-539608BBCA70}.Release|Any CPU.ActiveCfg = Release|Any CPU
		{4001028E-189E-4F0D-8513-539608BBCA70}.Release|Any CPU.Build.0 = Release|Any CPU
		{4001028E-189E-4F0D-8513-539608BBCA70}.Release|x64.ActiveCfg = Release|Any CPU
		{4001028E-189E-4F0D-8513-539608BBCA70}.Release|x64.Build.0 = Release|Any CPU
		{4001028E-189E-4F0D-8513-539608BBCA70}.Release|x86.ActiveCfg = Release|Any CPU
		{4001028E-189E-4F0D-8513-539608BBCA70}.Release|x86.Build.0 = Release|Any CPU
	EndGlobalSection
	GlobalSection(SolutionProperties) = preSolution
		HideSolutionNode = FALSE
	EndGlobalSection
	GlobalSection(ExtensibilityGlobals) = postSolution
		SolutionGuid = {FA8EE35A-05F9-4698-93FB-1E23103D491A}
	EndGlobalSection
EndGlobal
